// !$*UTF8*$!
{
	archiveVersion = 1;
	classes = {
	};
	objectVersion = 48;
	objects = {

/* Begin PBXBuildFile section */
		2FF66714824198FDE3DA09DF /* Pods_ToDoWithRealmGit.framework in Frameworks */ = {isa = PBXBuildFile; fileRef = 4E0DEF505341C90B51FA515C /* Pods_ToDoWithRealmGit.framework */; };
		AC051EBB1FC73BB300A92991 /* AppDelegate.swift in Sources */ = {isa = PBXBuildFile; fileRef = AC051EBA1FC73BB300A92991 /* AppDelegate.swift */; };
		AC051EBD1FC73BB300A92991 /* ViewController.swift in Sources */ = {isa = PBXBuildFile; fileRef = AC051EBC1FC73BB300A92991 /* ViewController.swift */; };
		AC051EC01FC73BB300A92991 /* Main.storyboard in Resources */ = {isa = PBXBuildFile; fileRef = AC051EBE1FC73BB300A92991 /* Main.storyboard */; };
		AC051EC31FC73BB300A92991 /* ToDoWithRealmGit.xcdatamodeld in Sources */ = {isa = PBXBuildFile; fileRef = AC051EC11FC73BB300A92991 /* ToDoWithRealmGit.xcdatamodeld */; };
		AC051EC51FC73BB300A92991 /* Assets.xcassets in Resources */ = {isa = PBXBuildFile; fileRef = AC051EC41FC73BB300A92991 /* Assets.xcassets */; };
		AC051EC81FC73BB300A92991 /* LaunchScreen.storyboard in Resources */ = {isa = PBXBuildFile; fileRef = AC051EC61FC73BB300A92991 /* LaunchScreen.storyboard */; };
		AC051ED21FC7555100A92991 /* toDoCell.swift in Sources */ = {isa = PBXBuildFile; fileRef = AC051ED01FC7555100A92991 /* toDoCell.swift */; };
		AC051ED31FC7555100A92991 /* toDoCell.xib in Resources */ = {isa = PBXBuildFile; fileRef = AC051ED11FC7555100A92991 /* toDoCell.xib */; };
		AC051EDA1FC9098F00A92991 /* addVC.swift in Sources */ = {isa = PBXBuildFile; fileRef = AC051ED91FC9098F00A92991 /* addVC.swift */; };
		AC051EDC1FC9120100A92991 /* SaveFile.swift in Sources */ = {isa = PBXBuildFile; fileRef = AC051EDB1FC9120100A92991 /* SaveFile.swift */; };
/* End PBXBuildFile section */

/* Begin PBXFileReference section */
		11615F137B79B0D4C6F6C0C6 /* Pods-ToDoWithRealmGit.debug.xcconfig */ = {isa = PBXFileReference; includeInIndex = 1; lastKnownFileType = text.xcconfig; name = "Pods-ToDoWithRealmGit.debug.xcconfig"; path = "Pods/Target Support Files/Pods-ToDoWithRealmGit/Pods-ToDoWithRealmGit.debug.xcconfig"; sourceTree = "<group>"; };
		47B0163105B7BE7F3A3AF033 /* Pods-ToDoWithRealmGit.release.xcconfig */ = {isa = PBXFileReference; includeInIndex = 1; lastKnownFileType = text.xcconfig; name = "Pods-ToDoWithRealmGit.release.xcconfig"; path = "Pods/Target Support Files/Pods-ToDoWithRealmGit/Pods-ToDoWithRealmGit.release.xcconfig"; sourceTree = "<group>"; };
		4E0DEF505341C90B51FA515C /* Pods_ToDoWithRealmGit.framework */ = {isa = PBXFileReference; explicitFileType = wrapper.framework; includeInIndex = 0; path = Pods_ToDoWithRealmGit.framework; sourceTree = BUILT_PRODUCTS_DIR; };
		AC051EB71FC73BB300A92991 /* ToDoWithRealmGit.app */ = {isa = PBXFileReference; explicitFileType = wrapper.application; includeInIndex = 0; path = ToDoWithRealmGit.app; sourceTree = BUILT_PRODUCTS_DIR; };
		AC051EBA1FC73BB300A92991 /* AppDelegate.swift */ = {isa = PBXFileReference; lastKnownFileType = sourcecode.swift; path = AppDelegate.swift; sourceTree = "<group>"; };
		AC051EBC1FC73BB300A92991 /* ViewController.swift */ = {isa = PBXFileReference; lastKnownFileType = sourcecode.swift; path = ViewController.swift; sourceTree = "<group>"; };
		AC051EBF1FC73BB300A92991 /* Base */ = {isa = PBXFileReference; lastKnownFileType = file.storyboard; name = Base; path = Base.lproj/Main.storyboard; sourceTree = "<group>"; };
		AC051EC21FC73BB300A92991 /* ToDoWithRealmGit.xcdatamodel */ = {isa = PBXFileReference; lastKnownFileType = wrapper.xcdatamodel; path = ToDoWithRealmGit.xcdatamodel; sourceTree = "<group>"; };
		AC051EC41FC73BB300A92991 /* Assets.xcassets */ = {isa = PBXFileReference; lastKnownFileType = folder.assetcatalog; path = Assets.xcassets; sourceTree = "<group>"; };
		AC051EC71FC73BB300A92991 /* Base */ = {isa = PBXFileReference; lastKnownFileType = file.storyboard; name = Base; path = Base.lproj/LaunchScreen.storyboard; sourceTree = "<group>"; };
		AC051EC91FC73BB300A92991 /* Info.plist */ = {isa = PBXFileReference; lastKnownFileType = text.plist.xml; path = Info.plist; sourceTree = "<group>"; };
		AC051ED01FC7555100A92991 /* toDoCell.swift */ = {isa = PBXFileReference; lastKnownFileType = sourcecode.swift; path = toDoCell.swift; sourceTree = "<group>"; };
		AC051ED11FC7555100A92991 /* toDoCell.xib */ = {isa = PBXFileReference; lastKnownFileType = file.xib; path = toDoCell.xib; sourceTree = "<group>"; };
		AC051ED91FC9098F00A92991 /* addVC.swift */ = {isa = PBXFileReference; lastKnownFileType = sourcecode.swift; path = addVC.swift; sourceTree = "<group>"; };
		AC051EDB1FC9120100A92991 /* SaveFile.swift */ = {isa = PBXFileReference; lastKnownFileType = sourcecode.swift; path = SaveFile.swift; sourceTree = "<group>"; };
/* End PBXFileReference section */

/* Begin PBXFrameworksBuildPhase section */
		AC051EB41FC73BB300A92991 /* Frameworks */ = {
			isa = PBXFrameworksBuildPhase;
			buildActionMask = 2147483647;
			files = (
				2FF66714824198FDE3DA09DF /* Pods_ToDoWithRealmGit.framework in Frameworks */,
			);
			runOnlyForDeploymentPostprocessing = 0;
		};
/* End PBXFrameworksBuildPhase section */

/* Begin PBXGroup section */
		2A905E5B4D9721DD769044E0 /* Frameworks */ = {
			isa = PBXGroup;
			children = (
				4E0DEF505341C90B51FA515C /* Pods_ToDoWithRealmGit.framework */,
			);
			name = Frameworks;
			sourceTree = "<group>";
		};
		AC051EAE1FC73BB300A92991 = {
			isa = PBXGroup;
			children = (
				AC051EB91FC73BB300A92991 /* ToDoWithRealmGit */,
				AC051EB81FC73BB300A92991 /* Products */,
				CDCC8F6796FD5622FA525AB7 /* Pods */,
				2A905E5B4D9721DD769044E0 /* Frameworks */,
			);
			sourceTree = "<group>";
		};
		AC051EB81FC73BB300A92991 /* Products */ = {
			isa = PBXGroup;
			children = (
				AC051EB71FC73BB300A92991 /* ToDoWithRealmGit.app */,
			);
			name = Products;
			sourceTree = "<group>";
		};
		AC051EB91FC73BB300A92991 /* ToDoWithRealmGit */ = {
			isa = PBXGroup;
			children = (
				AC051ECF1FC7551E00A92991 /* cell */,
				AC051EBA1FC73BB300A92991 /* AppDelegate.swift */,
				AC051EC41FC73BB300A92991 /* Assets.xcassets */,
				AC051EC61FC73BB300A92991 /* LaunchScreen.storyboard */,
				AC051EC91FC73BB300A92991 /* Info.plist */,
				AC051EC11FC73BB300A92991 /* ToDoWithRealmGit.xcdatamodeld */,
				AC051ED91FC9098F00A92991 /* addVC.swift */,
				AC051EBE1FC73BB300A92991 /* Main.storyboard */,
				AC051EDB1FC9120100A92991 /* SaveFile.swift */,
				AC051EBC1FC73BB300A92991 /* ViewController.swift */,
			);
			path = ToDoWithRealmGit;
			sourceTree = "<group>";
		};
		AC051ECF1FC7551E00A92991 /* cell */ = {
			isa = PBXGroup;
			children = (
				AC051ED01FC7555100A92991 /* toDoCell.swift */,
				AC051ED11FC7555100A92991 /* toDoCell.xib */,
			);
			path = cell;
			sourceTree = "<group>";
		};
		CDCC8F6796FD5622FA525AB7 /* Pods */ = {
			isa = PBXGroup;
			children = (
				11615F137B79B0D4C6F6C0C6 /* Pods-ToDoWithRealmGit.debug.xcconfig */,
				47B0163105B7BE7F3A3AF033 /* Pods-ToDoWithRealmGit.release.xcconfig */,
			);
			name = Pods;
			sourceTree = "<group>";
		};
/* End PBXGroup section */

/* Begin PBXNativeTarget section */
		AC051EB61FC73BB300A92991 /* ToDoWithRealmGit */ = {
			isa = PBXNativeTarget;
			buildConfigurationList = AC051ECC1FC73BB300A92991 /* Build configuration list for PBXNativeTarget "ToDoWithRealmGit" */;
			buildPhases = (
				92DC952177040A3D1DFD16C7 /* [CP] Check Pods Manifest.lock */,
				AC051EB31FC73BB300A92991 /* Sources */,
				AC051EB41FC73BB300A92991 /* Frameworks */,
				AC051EB51FC73BB300A92991 /* Resources */,
				4B62CEB495A5D627F55EBEAC /* [CP] Embed Pods Frameworks */,
				6958F3636163D70D5A54A5DC /* [CP] Copy Pods Resources */,
			);
			buildRules = (
			);
			dependencies = (
			);
			name = ToDoWithRealmGit;
			productName = ToDoWithRealmGit;
			productReference = AC051EB71FC73BB300A92991 /* ToDoWithRealmGit.app */;
			productType = "com.apple.product-type.application";
		};
/* End PBXNativeTarget section */

/* Begin PBXProject section */
		AC051EAF1FC73BB300A92991 /* Project object */ = {
			isa = PBXProject;
			attributes = {
				LastSwiftUpdateCheck = 0910;
				LastUpgradeCheck = 0910;
				ORGANIZATIONNAME = "Vineeth Xavier";
				TargetAttributes = {
					AC051EB61FC73BB300A92991 = {
						CreatedOnToolsVersion = 9.1;
						ProvisioningStyle = Automatic;
					};
				};
			};
			buildConfigurationList = AC051EB21FC73BB300A92991 /* Build configuration list for PBXProject "ToDoWithRealmGit" */;
			compatibilityVersion = "Xcode 8.0";
			developmentRegion = en;
			hasScannedForEncodings = 0;
			knownRegions = (
				en,
				Base,
			);
			mainGroup = AC051EAE1FC73BB300A92991;
			productRefGroup = AC051EB81FC73BB300A92991 /* Products */;
			projectDirPath = "";
			projectRoot = "";
			targets = (
				AC051EB61FC73BB300A92991 /* ToDoWithRealmGit */,
			);
		};
/* End PBXProject section */

/* Begin PBXResourcesBuildPhase section */
		AC051EB51FC73BB300A92991 /* Resources */ = {
			isa = PBXResourcesBuildPhase;
			buildActionMask = 2147483647;
			files = (
				AC051EC81FC73BB300A92991 /* LaunchScreen.storyboard in Resources */,
				AC051EC51FC73BB300A92991 /* Assets.xcassets in Resources */,
				AC051EC01FC73BB300A92991 /* Main.storyboard in Resources */,
				AC051ED31FC7555100A92991 /* toDoCell.xib in Resources */,
			);
			runOnlyForDeploymentPostprocessing = 0;
		};
/* End PBXResourcesBuildPhase section */

/* Begin PBXShellScriptBuildPhase section */
		4B62CEB495A5D627F55EBEAC /* [CP] Embed Pods Frameworks */ = {
			isa = PBXShellScriptBuildPhase;
			buildActionMask = 2147483647;
			files = (
			);
			inputPaths = (
			);
			name = "[CP] Embed Pods Frameworks";
			outputPaths = (
			);
			runOnlyForDeploymentPostprocessing = 0;
			shellPath = /bin/sh;
			shellScript = "\"${SRCROOT}/Pods/Target Support Files/Pods-ToDoWithRealmGit/Pods-ToDoWithRealmGit-frameworks.sh\"\n";
			showEnvVarsInLog = 0;
		};
		6958F3636163D70D5A54A5DC /* [CP] Copy Pods Resources */ = {
			isa = PBXShellScriptBuildPhase;
			buildActionMask = 2147483647;
			files = (
			);
			inputPaths = (
			);
			name = "[CP] Copy Pods Resources";
			outputPaths = (
			);
			runOnlyForDeploymentPostprocessing = 0;
			shellPath = /bin/sh;
			shellScript = "\"${SRCROOT}/Pods/Target Support Files/Pods-ToDoWithRealmGit/Pods-ToDoWithRealmGit-resources.sh\"\n";
			showEnvVarsInLog = 0;
		};
		92DC952177040A3D1DFD16C7 /* [CP] Check Pods Manifest.lock */ = {
			isa = PBXShellScriptBuildPhase;
			buildActionMask = 2147483647;
			files = (
			);
			inputPaths = (
			);
			name = "[CP] Check Pods Manifest.lock";
			outputPaths = (
			);
			runOnlyForDeploymentPostprocessing = 0;
			shellPath = /bin/sh;
			shellScript = "diff \"${PODS_ROOT}/../Podfile.lock\" \"${PODS_ROOT}/Manifest.lock\" > /dev/null\nif [ $? != 0 ] ; then\n    # print error to STDERR\n    echo \"error: The sandbox is not in sync with the Podfile.lock. Run 'pod install' or update your CocoaPods installation.\" >&2\n    exit 1\nfi\n";
			showEnvVarsInLog = 0;
		};
/* End PBXShellScriptBuildPhase section */

/* Begin PBXSourcesBuildPhase section */
		AC051EB31FC73BB300A92991 /* Sources */ = {
			isa = PBXSourcesBuildPhase;
			buildActionMask = 2147483647;
			files = (
				AC051EBD1FC73BB300A92991 /* ViewController.swift in Sources */,
				AC051EBB1FC73BB300A92991 /* AppDelegate.swift in Sources */,
				AC051EDC1FC9120100A92991 /* SaveFile.swift in Sources */,
				AC051EC31FC73BB300A92991 /* ToDoWithRealmGit.xcdatamodeld in Sources */,
				AC051EDA1FC9098F00A92991 /* addVC.swift in Sources */,
				AC051ED21FC7555100A92991 /* toDoCell.swift in Sources */,
			);
			runOnlyForDeploymentPostprocessing = 0;
		};
/* End PBXSourcesBuildPhase section */

/* Begin PBXVariantGroup section */
		AC051EBE1FC73BB300A92991 /* Main.storyboard */ = {
			isa = PBXVariantGroup;
			children = (
				AC051EBF1FC73BB300A92991 /* Base */,
			);
			name = Main.storyboard;
			sourceTree = "<group>";
		};
		AC051EC61FC73BB300A92991 /* LaunchScreen.storyboard */ = {
			isa = PBXVariantGroup;
			children = (
				AC051EC71FC73BB300A92991 /* Base */,
			);
			name = LaunchScreen.storyboard;
			sourceTree = "<group>";
		};
/* End PBXVariantGroup section */

/* Begin XCBuildConfiguration section */
		AC051ECA1FC73BB300A92991 /* Debug */ = {
			isa = XCBuildConfiguration;
			buildSettings = {
				ALWAYS_SEARCH_USER_PATHS = NO;
				CLANG_ANALYZER_NONNULL = YES;
				CLANG_ANALYZER_NUMBER_OBJECT_CONVERSION = YES_AGGRESSIVE;
				CLANG_CXX_LANGUAGE_STANDARD = "gnu++14";
				CLANG_CXX_LIBRARY = "libc++";
				CLANG_ENABLE_MODULES = YES;
				CLANG_ENABLE_OBJC_ARC = YES;
				CLANG_WARN_BLOCK_CAPTURE_AUTORELEASING = YES;
				CLANG_WARN_BOOL_CONVERSION = YES;
				CLANG_WARN_COMMA = YES;
				CLANG_WARN_CONSTANT_CONVERSION = YES;
				CLANG_WARN_DIRECT_OBJC_ISA_USAGE = YES_ERROR;
				CLANG_WARN_DOCUMENTATION_COMMENTS = YES;
				CLANG_WARN_EMPTY_BODY = YES;
				CLANG_WARN_ENUM_CONVERSION = YES;
				CLANG_WARN_INFINITE_RECURSION = YES;
				CLANG_WARN_INT_CONVERSION = YES;
				CLANG_WARN_NON_LITERAL_NULL_CONVERSION = YES;
				CLANG_WARN_OBJC_LITERAL_CONVERSION = YES;
				CLANG_WARN_OBJC_ROOT_CLASS = YES_ERROR;
				CLANG_WARN_RANGE_LOOP_ANALYSIS = YES;
				CLANG_WARN_STRICT_PROTOTYPES = YES;
				CLANG_WARN_SUSPICIOUS_MOVE = YES;
				CLANG_WARN_UNGUARDED_AVAILABILITY = YES_AGGRESSIVE;
				CLANG_WARN_UNREACHABLE_CODE = YES;
				CLANG_WARN__DUPLICATE_METHOD_MATCH = YES;
				CODE_SIGN_IDENTITY = "iPhone Developer";
				COPY_PHASE_STRIP = NO;
				DEBUG_INFORMATION_FORMAT = dwarf;
				ENABLE_STRICT_OBJC_MSGSEND = YES;
				ENABLE_TESTABILITY = YES;
				GCC_C_LANGUAGE_STANDARD = gnu11;
				GCC_DYNAMIC_NO_PIC = NO;
				GCC_NO_COMMON_BLOCKS = YES;
				GCC_OPTIMIZATION_LEVEL = 0;
				GCC_PREPROCESSOR_DEFINITIONS = (
					"DEBUG=1",
					"$(inherited)",
				);
				GCC_WARN_64_TO_32_BIT_CONVERSION = YES;
				GCC_WARN_ABOUT_RETURN_TYPE = YES_ERROR;
				GCC_WARN_UNDECLARED_SELECTOR = YES;
				GCC_WARN_UNINITIALIZED_AUTOS = YES_AGGRESSIVE;
				GCC_WARN_UNUSED_FUNCTION = YES;
				GCC_WARN_UNUSED_VARIABLE = YES;
				IPHONEOS_DEPLOYMENT_TARGET = 11.1;
				MTL_ENABLE_DEBUG_INFO = YES;
				ONLY_ACTIVE_ARCH = YES;
				SDKROOT = iphoneos;
				SWIFT_ACTIVE_COMPILATION_CONDITIONS = DEBUG;
				SWIFT_OPTIMIZATION_LEVEL = "-Onone";
			};
			name = Debug;
		};
		AC051ECB1FC73BB300A92991 /* Release */ = {
			isa = XCBuildConfiguration;
			buildSettings = {
				ALWAYS_SEARCH_USER_PATHS = NO;
				CLANG_ANALYZER_NONNULL = YES;
				CLANG_ANALYZER_NUMBER_OBJECT_CONVERSION = YES_AGGRESSIVE;
				CLANG_CXX_LANGUAGE_STANDARD = "gnu++14";
				CLANG_CXX_LIBRARY = "libc++";
				CLANG_ENABLE_MODULES = YES;
				CLANG_ENABLE_OBJC_ARC = YES;
				CLANG_WARN_BLOCK_CAPTURE_AUTORELEASING = YES;
				CLANG_WARN_BOOL_CONVERSION = YES;
				CLANG_WARN_COMMA = YES;
				CLANG_WARN_CONSTANT_CONVERSION = YES;
				CLANG_WARN_DIRECT_OBJC_ISA_USAGE = YES_ERROR;
				CLANG_WARN_DOCUMENTATION_COMMENTS = YES;
				CLANG_WARN_EMPTY_BODY = YES;
				CLANG_WARN_ENUM_CONVERSION = YES;
				CLANG_WARN_INFINITE_RECURSION = YES;
				CLANG_WARN_INT_CONVERSION = YES;
				CLANG_WARN_NON_LITERAL_NULL_CONVERSION = YES;
				CLANG_WARN_OBJC_LITERAL_CONVERSION = YES;
				CLANG_WARN_OBJC_ROOT_CLASS = YES_ERROR;
				CLANG_WARN_RANGE_LOOP_ANALYSIS = YES;
				CLANG_WARN_STRICT_PROTOTYPES = YES;
				CLANG_WARN_SUSPICIOUS_MOVE = YES;
				CLANG_WARN_UNGUARDED_AVAILABILITY = YES_AGGRESSIVE;
				CLANG_WARN_UNREACHABLE_CODE = YES;
				CLANG_WARN__DUPLICATE_METHOD_MATCH = YES;
				CODE_SIGN_IDENTITY = "iPhone Developer";
				COPY_PHASE_STRIP = NO;
				DEBUG_INFORMATION_FORMAT = "dwarf-with-dsym";
				ENABLE_NS_ASSERTIONS = NO;
				ENABLE_STRICT_OBJC_MSGSEND = YES;
				GCC_C_LANGUAGE_STANDARD = gnu11;
				GCC_NO_COMMON_BLOCKS = YES;
				GCC_WARN_64_TO_32_BIT_CONVERSION = YES;
				GCC_WARN_ABOUT_RETURN_TYPE = YES_ERROR;
				GCC_WARN_UNDECLARED_SELECTOR = YES;
				GCC_WARN_UNINITIALIZED_AUTOS = YES_AGGRESSIVE;
				GCC_WARN_UNUSED_FUNCTION = YES;
				GCC_WARN_UNUSED_VARIABLE = YES;
				IPHONEOS_DEPLOYMENT_TARGET = 11.1;
				MTL_ENABLE_DEBUG_INFO = NO;
				SDKROOT = iphoneos;
				SWIFT_OPTIMIZATION_LEVEL = "-Owholemodule";
				VALIDATE_PRODUCT = YES;
			};
			name = Release;
		};
		AC051ECD1FC73BB300A92991 /* Debug */ = {
			isa = XCBuildConfiguration;
			baseConfigurationReference = 11615F137B79B0D4C6F6C0C6 /* Pods-ToDoWithRealmGit.debug.xcconfig */;
			buildSettings = {
				ASSETCATALOG_COMPILER_APPICON_NAME = AppIcon;
				CODE_SIGN_STYLE = Automatic;
				DEVELOPMENT_TEAM = RCFH7Y85S3;
				INFOPLIST_FILE = ToDoWithRealmGit/Info.plist;
				LD_RUNPATH_SEARCH_PATHS = "$(inherited) @executable_path/Frameworks";
				PRODUCT_BUNDLE_IDENTIFIER = vx.ToDoWithRealmGit;
				PRODUCT_NAME = "$(TARGET_NAME)";
				SWIFT_VERSION = 4.0;
				TARGETED_DEVICE_FAMILY = "1,2";
			};
			name = Debug;
		};
		AC051ECE1FC73BB300A92991 /* Release */ = {
			isa = XCBuildConfiguration;
			baseConfigurationReference = 47B0163105B7BE7F3A3AF033 /* Pods-ToDoWithRealmGit.release.xcconfig */;
			buildSettings = {
				ASSETCATALOG_COMPILER_APPICON_NAME = AppIcon;
				CODE_SIGN_STYLE = Automatic;
				DEVELOPMENT_TEAM = RCFH7Y85S3;
				INFOPLIST_FILE = ToDoWithRealmGit/Info.plist;
				LD_RUNPATH_SEARCH_PATHS = "$(inherited) @executable_path/Frameworks";
				PRODUCT_BUNDLE_IDENTIFIER = vx.ToDoWithRealmGit;
				PRODUCT_NAME = "$(TARGET_NAME)";
				SWIFT_VERSION = 4.0;
				TARGETED_DEVICE_FAMILY = "1,2";
			};
			name = Release;
		};
/* End XCBuildConfiguration section */

/* Begin XCConfigurationList section */
		AC051EB21FC73BB300A92991 /* Build configuration list for PBXProject "ToDoWithRealmGit" */ = {
			isa = XCConfigurationList;
			buildConfigurations = (
				AC051ECA1FC73BB300A92991 /* Debug */,
				AC051ECB1FC73BB300A92991 /* Release */,
			);
			defaultConfigurationIsVisible = 0;
			defaultConfigurationName = Release;
		};
		AC051ECC1FC73BB300A92991 /* Build configuration list for PBXNativeTarget "ToDoWithRealmGit" */ = {
			isa = XCConfigurationList;
			buildConfigurations = (
				AC051ECD1FC73BB300A92991 /* Debug */,
				AC051ECE1FC73BB300A92991 /* Release */,
			);
			defaultConfigurationIsVisible = 0;
			defaultConfigurationName = Release;
		};
/* End XCConfigurationList section */

/* Begin XCVersionGroup section */
		AC051EC11FC73BB300A92991 /* ToDoWithRealmGit.xcdatamodeld */ = {
			isa = XCVersionGroup;
			children = (
				AC051EC21FC73BB300A92991 /* ToDoWithRealmGit.xcdatamodel */,
			);
			currentVersion = AC051EC21FC73BB300A92991 /* ToDoWithRealmGit.xcdatamodel */;
			path = ToDoWithRealmGit.xcdatamodeld;
			sourceTree = "<group>";
			versionGroupType = wrapper.xcdatamodel;
		};
/* End XCVersionGroup section */
	};
	rootObject = AC051EAF1FC73BB300A92991 /* Project object */;
}
